// !$*UTF8*$!
{
	archiveVersion = 1;
	classes = {
	};
	objectVersion = 77;
	objects = {

/* Begin PBXBuildFile section */
		13F68AD52B8A544128976A02 /* MenuBarPlayerView.swift in Sources */ = {isa = PBXBuildFile; fileRef = 4062B3DB9846BC4D246A36CC /* MenuBarPlayerView.swift */; };
		18AA2EFF13BAA71C43097A7D /* SoundLibrary.swift in Sources */ = {isa = PBXBuildFile; fileRef = 7F591E43CDC7F5BC3355E174 /* SoundLibrary.swift */; };
		369937A5DA55F518340F61DF /* MixEditor.swift in Sources */ = {isa = PBXBuildFile; fileRef = 5920DD25C75ABF9D3606CE60 /* MixEditor.swift */; };
		391E94FBC315BFB6B511FC5E /* AppEntry.swift in Sources */ = {isa = PBXBuildFile; fileRef = A84989BD1BA033E80E971671 /* AppEntry.swift */; };
		40214DB63F42605020A0CC91 /* WelcomeView.swift in Sources */ = {isa = PBXBuildFile; fileRef = 1A934D2D26B6C834DF712558 /* WelcomeView.swift */; };
		5171EBBDF93816947C59D9D9 /* ImportSoundsView.swift in Sources */ = {isa = PBXBuildFile; fileRef = D39E7FD40216F484E4D9166C /* ImportSoundsView.swift */; };
		663A14F8C784EC07AB194642 /* ImportedSounds.swift in Sources */ = {isa = PBXBuildFile; fileRef = D426557338CA7710B792A969 /* ImportedSounds.swift */; };
		72025A313DD91DE849E82668 /* Brisa.icns in Resources */ = {isa = PBXBuildFile; fileRef = 20D18B2568C9B99D6EEB821A /* Brisa.icns */; };
		7DF38E242415B73ADFBC9EF2 /* AppModel.swift in Sources */ = {isa = PBXBuildFile; fileRef = E05E9C5BA1029142EF4CEA50 /* AppModel.swift */; };
		87F0A33F50B2DA154B9B6062 /* InputSounds.swift in Sources */ = {isa = PBXBuildFile; fileRef = D018C800F9C0E67672881024 /* InputSounds.swift */; };
		A127CF275F25615E258D68D1 /* ARCHITECTURE.md in Resources */ = {isa = PBXBuildFile; fileRef = BE7ECCF7CFD8CF7FEC1BACEE /* ARCHITECTURE.md */; };
		BA20A0C4DC4B9C4542075BF5 /* AudioBank.swift in Sources */ = {isa = PBXBuildFile; fileRef = 7C8760EBC2C89B3ABB1FBD2D /* AudioBank.swift */; };
		C4F649AA8A11C5506C952C13 /* ContentView.swift in Sources */ = {isa = PBXBuildFile; fileRef = C833F95CD8DC84FEED2D47F7 /* ContentView.swift */; };
		EB048C3B6F73CC64ABD9C808 /* InputSoundsView.swift in Sources */ = {isa = PBXBuildFile; fileRef = 749B533C75C9AC9F23CFB6CF /* InputSoundsView.swift */; };
		939398DBB19571CA42D723CF /* PomodoroTimerView.swift in Sources */ = {isa = PBXBuildFile; fileRef = 4941FA5761A0A6F1528FB917 /* PomodoroTimerView.swift */; };
		7C1E5A0B3D2F4A6981B0C4D7 /* Theme.swift in Sources */ = {isa = PBXBuildFile; fileRef = 2E9B6D4F1A8C3057B6E2A91C /* Theme.swift */; };
		B4D80C2E6F1A93577E2D5A08 /* PomodoroWidget.swift in Sources */ = {isa = PBXBuildFile; fileRef = A19F3C7E5B2D40886C1E7D35 /* PomodoroWidget.swift */; };
		6B260CC4E10A47A498F5C5BE /* BreakScreen.swift in Sources */ = {isa = PBXBuildFile; fileRef = AB13E9A2139E4C0D8C77C6CC /* BreakScreen.swift */; };
		7E4BD2D04E2F41B489898753 /* BreakActivitiesView.swift in Sources */ = {isa = PBXBuildFile; fileRef = 873BF2EBBF8E409DB7E971D5 /* BreakActivitiesView.swift */; };
		17AE60E40130453B85CA5EB3 /* BreakActivities.swift in Sources */ = {isa = PBXBuildFile; fileRef = 6E1FF787CE78443AB2D20FA8 /* BreakActivities.swift */; };
		D3A61F9B2C8E47501A6B3E90 /* SystemIntegration.swift in Sources */ = {isa = PBXBuildFile; fileRef = 5F0C82E4A7B1396D0E4A7C21 /* SystemIntegration.swift */; };
		8B2E4D7A1C5F60932E8A4B17 /* Confetti.swift in Sources */ = {isa = PBXBuildFile; fileRef = C7A91E3B5D2084F6A1B7E5C3 /* Confetti.swift */; };
		3E7A5C1D9B4F2086A5D1C7E2 /* YouTubeVideos.swift in Sources */ = {isa = PBXBuildFile; fileRef = F2B6D803A9E41C57B0D8E4A6 /* YouTubeVideos.swift */; };
		9C1F4B7E2A6D3058E1B9C4A7 /* MixSharing.swift in Sources */ = {isa = PBXBuildFile; fileRef = 6D3A8E1F5C2B70496A8E2D15 /* MixSharing.swift */; };
		A5E27C19D3B8406F1C7A9E32 /* Routines.swift in Sources */ = {isa = PBXBuildFile; fileRef = 4B90D6A2E8F153C7D2A6B841 /* Routines.swift */; };
		C3D8E1F2A4B5C6D7E8F90A1B /* Main.swift in Sources */ = {isa = PBXBuildFile; fileRef = D4E9F2A3B5C6D7E8F90A1B2C /* Main.swift */; };
		C93E47F8A0B1C2D3E4F50617 /* Modes.swift in Sources */ = {isa = PBXBuildFile; fileRef = DA4F58A9B1C2D3E4F5061728 /* Modes.swift */; };
		EB5069BAC2D3E4F506172839 /* ModesView.swift in Sources */ = {isa = PBXBuildFile; fileRef = FC617ACBD3E4F5061728394A /* ModesView.swift */; };
		A71C25D6E8F90A1B2C3D4E5F /* BrisaIntents.swift in Sources */ = {isa = PBXBuildFile; fileRef = B82D36E7F90A1B2C3D4E5F60 /* BrisaIntents.swift */; };
		E5FA03B4C6D7E8F90A1B2C3D /* SoundSynthesis.swift in Sources */ = {isa = PBXBuildFile; fileRef = F60B14C5D7E8F90A1B2C3D4E /* SoundSynthesis.swift */; };
		E1B84A6D0C3F27958B4E1A70 /* RoutinesView.swift in Sources */ = {isa = PBXBuildFile; fileRef = 7F2C9D5A13E846B0C9D3F5A2 /* RoutinesView.swift */; };
/* End PBXBuildFile section */

/* Begin PBXFileReference section */
		1A934D2D26B6C834DF712558 /* WelcomeView.swift */ = {isa = PBXFileReference; lastKnownFileType = sourcecode.swift; path = WelcomeView.swift; sourceTree = "<group>"; };
		20D18B2568C9B99D6EEB821A /* Brisa.icns */ = {isa = PBXFileReference; lastKnownFileType = image.icns; path = Brisa.icns; sourceTree = "<group>"; };
		4062B3DB9846BC4D246A36CC /* MenuBarPlayerView.swift */ = {isa = PBXFileReference; lastKnownFileType = sourcecode.swift; path = MenuBarPlayerView.swift; sourceTree = "<group>"; };
		5920DD25C75ABF9D3606CE60 /* MixEditor.swift */ = {isa = PBXFileReference; lastKnownFileType = sourcecode.swift; path = MixEditor.swift; sourceTree = "<group>"; };
		749B533C75C9AC9F23CFB6CF /* InputSoundsView.swift */ = {isa = PBXFileReference; lastKnownFileType = sourcecode.swift; path = InputSoundsView.swift; sourceTree = "<group>"; };
		7C8760EBC2C89B3ABB1FBD2D /* AudioBank.swift */ = {isa = PBXFileReference; lastKnownFileType = sourcecode.swift; path = AudioBank.swift; sourceTree = "<group>"; };
		7F591E43CDC7F5BC3355E174 /* SoundLibrary.swift */ = {isa = PBXFileReference; lastKnownFileType = sourcecode.swift; path = SoundLibrary.swift; sourceTree = "<group>"; };
		A84989BD1BA033E80E971671 /* AppEntry.swift */ = {isa = PBXFileReference; lastKnownFileType = sourcecode.swift; path = AppEntry.swift; sourceTree = "<group>"; };
		BE7ECCF7CFD8CF7FEC1BACEE /* ARCHITECTURE.md */ = {isa = PBXFileReference; lastKnownFileType = net.daringfireball.markdown; path = ARCHITECTURE.md; sourceTree = "<group>"; };
		C60CF999314BB38FA756993A /* Brisa.app */ = {isa = PBXFileReference; explicitFileType = wrapper.application; includeInIndex = 0; path = Brisa.app; sourceTree = BUILT_PRODUCTS_DIR; };
		C833F95CD8DC84FEED2D47F7 /* ContentView.swift */ = {isa = PBXFileReference; lastKnownFileType = sourcecode.swift; path = ContentView.swift; sourceTree = "<group>"; };
		D018C800F9C0E67672881024 /* InputSounds.swift */ = {isa = PBXFileReference; lastKnownFileType = sourcecode.swift; path = InputSounds.swift; sourceTree = "<group>"; };
		E05E9C5BA1029142EF4CEA50 /* AppModel.swift */ = {isa = PBXFileReference; lastKnownFileType = sourcecode.swift; path = AppModel.swift; sourceTree = "<group>"; };
		D39E7FD40216F484E4D9166C /* ImportSoundsView.swift */ = {isa = PBXFileReference; lastKnownFileType = sourcecode.swift; path = ImportSoundsView.swift; sourceTree = "<group>"; };
		D426557338CA7710B792A969 /* ImportedSounds.swift */ = {isa = PBXFileReference; lastKnownFileType = sourcecode.swift; path = ImportedSounds.swift; sourceTree = "<group>"; };
		4941FA5761A0A6F1528FB917 /* PomodoroTimerView.swift */ = {isa = PBXFileReference; lastKnownFileType = sourcecode.swift; path = PomodoroTimerView.swift; sourceTree = "<group>"; };
		2E9B6D4F1A8C3057B6E2A91C /* Theme.swift */ = {isa = PBXFileReference; lastKnownFileType = sourcecode.swift; path = Theme.swift; sourceTree = "<group>"; };
		A19F3C7E5B2D40886C1E7D35 /* PomodoroWidget.swift */ = {isa = PBXFileReference; lastKnownFileType = sourcecode.swift; path = PomodoroWidget.swift; sourceTree = "<group>"; };
		AB13E9A2139E4C0D8C77C6CC /* BreakScreen.swift */ = {isa = PBXFileReference; lastKnownFileType = sourcecode.swift; path = BreakScreen.swift; sourceTree = "<group>"; };
		873BF2EBBF8E409DB7E971D5 /* BreakActivitiesView.swift */ = {isa = PBXFileReference; lastKnownFileType = sourcecode.swift; path = BreakActivitiesView.swift; sourceTree = "<group>"; };
		6E1FF787CE78443AB2D20FA8 /* BreakActivities.swift */ = {isa = PBXFileReference; lastKnownFileType = sourcecode.swift; path = BreakActivities.swift; sourceTree = "<group>"; };
		5F0C82E4A7B1396D0E4A7C21 /* SystemIntegration.swift */ = {isa = PBXFileReference; lastKnownFileType = sourcecode.swift; path = SystemIntegration.swift; sourceTree = "<group>"; };
		C7A91E3B5D2084F6A1B7E5C3 /* Confetti.swift */ = {isa = PBXFileReference; lastKnownFileType = sourcecode.swift; path = Confetti.swift; sourceTree = "<group>"; };
		F2B6D803A9E41C57B0D8E4A6 /* YouTubeVideos.swift */ = {isa = PBXFileReference; lastKnownFileType = sourcecode.swift; path = YouTubeVideos.swift; sourceTree = "<group>"; };
		6D3A8E1F5C2B70496A8E2D15 /* MixSharing.swift */ = {isa = PBXFileReference; lastKnownFileType = sourcecode.swift; path = MixSharing.swift; sourceTree = "<group>"; };
		4B90D6A2E8F153C7D2A6B841 /* Routines.swift */ = {isa = PBXFileReference; lastKnownFileType = sourcecode.swift; path = Routines.swift; sourceTree = "<group>"; };
		D4E9F2A3B5C6D7E8F90A1B2C /* Main.swift */ = {isa = PBXFileReference; lastKnownFileType = sourcecode.swift; path = Main.swift; sourceTree = "<group>"; };
		DA4F58A9B1C2D3E4F5061728 /* Modes.swift */ = {isa = PBXFileReference; lastKnownFileType = sourcecode.swift; path = Modes.swift; sourceTree = "<group>"; };
		FC617ACBD3E4F5061728394A /* ModesView.swift */ = {isa = PBXFileReference; lastKnownFileType = sourcecode.swift; path = ModesView.swift; sourceTree = "<group>"; };
		B82D36E7F90A1B2C3D4E5F60 /* BrisaIntents.swift */ = {isa = PBXFileReference; lastKnownFileType = sourcecode.swift; path = BrisaIntents.swift; sourceTree = "<group>"; };
		F60B14C5D7E8F90A1B2C3D4E /* SoundSynthesis.swift */ = {isa = PBXFileReference; lastKnownFileType = sourcecode.swift; path = SoundSynthesis.swift; sourceTree = "<group>"; };
		7F2C9D5A13E846B0C9D3F5A2 /* RoutinesView.swift */ = {isa = PBXFileReference; lastKnownFileType = sourcecode.swift; path = RoutinesView.swift; sourceTree = "<group>"; };
/* End PBXFileReference section */

/* Begin PBXGroup section */
		60DF83C8693222F945E4E3EB /* Assets */ = {
			isa = PBXGroup;
			children = (
				20D18B2568C9B99D6EEB821A /* Brisa.icns */,
			);
			path = Assets;
			sourceTree = "<group>";
		};
		94B8265AF7468804951E7FE9 = {
			isa = PBXGroup;
			children = (
				60DF83C8693222F945E4E3EB /* Assets */,
				A81DF666B909865951851DC7 /* Sources */,
				DCDFBDECB914DCE94AEE5BD3 /* Products */,
			);
			sourceTree = "<group>";
		};
		A81DF666B909865951851DC7 /* Sources */ = {
			isa = PBXGroup;
			children = (
				A84989BD1BA033E80E971671 /* AppEntry.swift */,
				E05E9C5BA1029142EF4CEA50 /* AppModel.swift */,
				BE7ECCF7CFD8CF7FEC1BACEE /* ARCHITECTURE.md */,
				7C8760EBC2C89B3ABB1FBD2D /* AudioBank.swift */,
				C833F95CD8DC84FEED2D47F7 /* ContentView.swift */,
				D018C800F9C0E67672881024 /* InputSounds.swift */,
				D426557338CA7710B792A969 /* ImportedSounds.swift */,
				D39E7FD40216F484E4D9166C /* ImportSoundsView.swift */,
				749B533C75C9AC9F23CFB6CF /* InputSoundsView.swift */,
				4062B3DB9846BC4D246A36CC /* MenuBarPlayerView.swift */,
				5920DD25C75ABF9D3606CE60 /* MixEditor.swift */,
				7F591E43CDC7F5BC3355E174 /* SoundLibrary.swift */,
				1A934D2D26B6C834DF712558 /* WelcomeView.swift */,
				4941FA5761A0A6F1528FB917 /* PomodoroTimerView.swift */,
				2E9B6D4F1A8C3057B6E2A91C /* Theme.swift */,
				A19F3C7E5B2D40886C1E7D35 /* PomodoroWidget.swift */,
				AB13E9A2139E4C0D8C77C6CC /* BreakScreen.swift */,
				873BF2EBBF8E409DB7E971D5 /* BreakActivitiesView.swift */,
				6E1FF787CE78443AB2D20FA8 /* BreakActivities.swift */,
				5F0C82E4A7B1396D0E4A7C21 /* SystemIntegration.swift */,
				C7A91E3B5D2084F6A1B7E5C3 /* Confetti.swift */,
				F2B6D803A9E41C57B0D8E4A6 /* YouTubeVideos.swift */,
				6D3A8E1F5C2B70496A8E2D15 /* MixSharing.swift */,
				4B90D6A2E8F153C7D2A6B841 /* Routines.swift */,
				D4E9F2A3B5C6D7E8F90A1B2C /* Main.swift */,
				DA4F58A9B1C2D3E4F5061728 /* Modes.swift */,
				FC617ACBD3E4F5061728394A /* ModesView.swift */,
				B82D36E7F90A1B2C3D4E5F60 /* BrisaIntents.swift */,
				F60B14C5D7E8F90A1B2C3D4E /* SoundSynthesis.swift */,
				7F2C9D5A13E846B0C9D3F5A2 /* RoutinesView.swift */,
			);
			path = Sources;
			sourceTree = "<group>";
		};
		DCDFBDECB914DCE94AEE5BD3 /* Products */ = {
			isa = PBXGroup;
			children = (
				C60CF999314BB38FA756993A /* Brisa.app */,
			);
			name = Products;
			sourceTree = "<group>";
		};
/* End PBXGroup section */

/* Begin PBXNativeTarget section */
		F2C8A7152E14D1A37FF219CF /* Brisa */ = {
			isa = PBXNativeTarget;
			buildConfigurationList = 04B96B0F09869867B28BDFE2 /* Build configuration list for PBXNativeTarget "Brisa" */;
			buildPhases = (
				C2F076C43811A25F016CA56C /* Sources */,
				E7BB7D905076B93D5593C44A /* Resources */,
				7FA276AD86AD56ACD539F5A5 /* Copy Brisa audio library */,
			);
			buildRules = (
			);
			dependencies = (
			);
			name = Brisa;
			packageProductDependencies = (
			);
			productName = Brisa;
			productReference = C60CF999314BB38FA756993A /* Brisa.app */;
			productType = "com.apple.product-type.application";
		};
/* End PBXNativeTarget section */

/* Begin PBXProject section */
		4A1984492DC2971FB43E60A9 /* Project object */ = {
			isa = PBXProject;
			attributes = {
				BuildIndependentTargetsInParallel = YES;
				LastUpgradeCheck = 1430;
				TargetAttributes = {
					F2C8A7152E14D1A37FF219CF = {
						ProvisioningStyle = Automatic;
					};
				};
			};
			buildConfigurationList = B7E6927FEBE4BAEC485A85B8 /* Build configuration list for PBXProject "Brisa" */;
			developmentRegion = en;
			hasScannedForEncodings = 0;
			knownRegions = (
				Base,
				en,
			);
			mainGroup = 94B8265AF7468804951E7FE9;
			minimizedProjectReferenceProxies = 1;
			preferredProjectObjectVersion = 77;
			productRefGroup = DCDFBDECB914DCE94AEE5BD3 /* Products */;
			projectDirPath = "";
			projectRoot = "";
			targets = (
				F2C8A7152E14D1A37FF219CF /* Brisa */,
			);
		};
/* End PBXProject section */

/* Begin PBXResourcesBuildPhase section */
		E7BB7D905076B93D5593C44A /* Resources */ = {
			isa = PBXResourcesBuildPhase;
			buildActionMask = 2147483647;
			files = (
				A127CF275F25615E258D68D1 /* ARCHITECTURE.md in Resources */,
				72025A313DD91DE849E82668 /* Brisa.icns in Resources */,
			);
			runOnlyForDeploymentPostprocessing = 0;
		};
/* End PBXResourcesBuildPhase section */

/* Begin PBXShellScriptBuildPhase section */
		7FA276AD86AD56ACD539F5A5 /* Copy Brisa audio library */ = {
			isa = PBXShellScriptBuildPhase;
			buildActionMask = 2147483647;
			files = (
			);
			inputFileListPaths = (
			);
			inputPaths = (
			);
			name = "Copy Brisa audio library";
			outputFileListPaths = (
			);
			outputPaths = (
			);
			runOnlyForDeploymentPostprocessing = 0;
			shellPath = /bin/sh;
			shellScript = "mkdir -p \"$TARGET_BUILD_DIR/$UNLOCALIZED_RESOURCES_FOLDER_PATH\"\ncp -R \"$SRCROOT/Resources/Audio\" \"$TARGET_BUILD_DIR/$UNLOCALIZED_RESOURCES_FOLDER_PATH/Audio\"\ncp \"$SRCROOT/Resources/CREDITOS-AUDIO.md\" \"$TARGET_BUILD_DIR/$UNLOCALIZED_RESOURCES_FOLDER_PATH/CREDITOS-AUDIO.md\"\n";
		};
/* End PBXShellScriptBuildPhase section */

/* Begin PBXSourcesBuildPhase section */
		C2F076C43811A25F016CA56C /* Sources */ = {
			isa = PBXSourcesBuildPhase;
			buildActionMask = 2147483647;
			files = (
				391E94FBC315BFB6B511FC5E /* AppEntry.swift in Sources */,
				7DF38E242415B73ADFBC9EF2 /* AppModel.swift in Sources */,
				BA20A0C4DC4B9C4542075BF5 /* AudioBank.swift in Sources */,
				C4F649AA8A11C5506C952C13 /* ContentView.swift in Sources */,
				87F0A33F50B2DA154B9B6062 /* InputSounds.swift in Sources */,
				5171EBBDF93816947C59D9D9 /* ImportSoundsView.swift in Sources */,
				663A14F8C784EC07AB194642 /* ImportedSounds.swift in Sources */,
				EB048C3B6F73CC64ABD9C808 /* InputSoundsView.swift in Sources */,
				13F68AD52B8A544128976A02 /* MenuBarPlayerView.swift in Sources */,
				369937A5DA55F518340F61DF /* MixEditor.swift in Sources */,
				18AA2EFF13BAA71C43097A7D /* SoundLibrary.swift in Sources */,
				40214DB63F42605020A0CC91 /* WelcomeView.swift in Sources */,
				939398DBB19571CA42D723CF /* PomodoroTimerView.swift in Sources */,
				7C1E5A0B3D2F4A6981B0C4D7 /* Theme.swift in Sources */,
				B4D80C2E6F1A93577E2D5A08 /* PomodoroWidget.swift in Sources */,
				6B260CC4E10A47A498F5C5BE /* BreakScreen.swift in Sources */,
				7E4BD2D04E2F41B489898753 /* BreakActivitiesView.swift in Sources */,
				17AE60E40130453B85CA5EB3 /* BreakActivities.swift in Sources */,
				D3A61F9B2C8E47501A6B3E90 /* SystemIntegration.swift in Sources */,
				8B2E4D7A1C5F60932E8A4B17 /* Confetti.swift in Sources */,
				3E7A5C1D9B4F2086A5D1C7E2 /* YouTubeVideos.swift in Sources */,
				9C1F4B7E2A6D3058E1B9C4A7 /* MixSharing.swift in Sources */,
				A5E27C19D3B8406F1C7A9E32 /* Routines.swift in Sources */,
				C3D8E1F2A4B5C6D7E8F90A1B /* Main.swift in Sources */,
				C93E47F8A0B1C2D3E4F50617 /* Modes.swift in Sources */,
				EB5069BAC2D3E4F506172839 /* ModesView.swift in Sources */,
				A71C25D6E8F90A1B2C3D4E5F /* BrisaIntents.swift in Sources */,
				E5FA03B4C6D7E8F90A1B2C3D /* SoundSynthesis.swift in Sources */,
				E1B84A6D0C3F27958B4E1A70 /* RoutinesView.swift in Sources */,
			);
			runOnlyForDeploymentPostprocessing = 0;
		};
/* End PBXSourcesBuildPhase section */

/* Begin XCBuildConfiguration section */
		113BDB4F1B9380E39D20DBF2 /* Release */ = {
			isa = XCBuildConfiguration;
			buildSettings = {
				ALWAYS_SEARCH_USER_PATHS = NO;
				CLANG_ANALYZER_NONNULL = YES;
				CLANG_ANALYZER_NUMBER_OBJECT_CONVERSION = YES_AGGRESSIVE;
				CLANG_CXX_LANGUAGE_STANDARD = "gnu++14";
				CLANG_CXX_LIBRARY = "libc++";
				CLANG_ENABLE_MODULES = YES;
				CLANG_ENABLE_OBJC_ARC = YES;
				CLANG_ENABLE_OBJC_WEAK = YES;
				CLANG_WARN_BLOCK_CAPTURE_AUTORELEASING = YES;
				CLANG_WARN_BOOL_CONVERSION = YES;
				CLANG_WARN_COMMA = YES;
				CLANG_WARN_CONSTANT_CONVERSION = YES;
				CLANG_WARN_DEPRECATED_OBJC_IMPLEMENTATIONS = YES;
				CLANG_WARN_DIRECT_OBJC_ISA_USAGE = YES_ERROR;
				CLANG_WARN_DOCUMENTATION_COMMENTS = YES;
				CLANG_WARN_EMPTY_BODY = YES;
				CLANG_WARN_ENUM_CONVERSION = YES;
				CLANG_WARN_INFINITE_RECURSION = YES;
				CLANG_WARN_INT_CONVERSION = YES;
				CLANG_WARN_NON_LITERAL_NULL_CONVERSION = YES;
				CLANG_WARN_OBJC_IMPLICIT_RETAIN_SELF = YES;
				CLANG_WARN_OBJC_LITERAL_CONVERSION = YES;
				CLANG_WARN_OBJC_ROOT_CLASS = YES_ERROR;
				CLANG_WARN_QUOTED_INCLUDE_IN_FRAMEWORK_HEADER = YES;
				CLANG_WARN_RANGE_LOOP_ANALYSIS = YES;
				CLANG_WARN_STRICT_PROTOTYPES = YES;
				CLANG_WARN_SUSPICIOUS_MOVE = YES;
				CLANG_WARN_UNGUARDED_AVAILABILITY = YES_AGGRESSIVE;
				CLANG_WARN_UNREACHABLE_CODE = YES;
				CLANG_WARN__DUPLICATE_METHOD_MATCH = YES;
				COPY_PHASE_STRIP = NO;
				DEBUG_INFORMATION_FORMAT = "dwarf-with-dsym";
				ENABLE_NS_ASSERTIONS = NO;
				ENABLE_STRICT_OBJC_MSGSEND = YES;
				GCC_C_LANGUAGE_STANDARD = gnu11;
				GCC_NO_COMMON_BLOCKS = YES;
				GCC_WARN_64_TO_32_BIT_CONVERSION = YES;
				GCC_WARN_ABOUT_RETURN_TYPE = YES_ERROR;
				GCC_WARN_UNDECLARED_SELECTOR = YES;
				GCC_WARN_UNINITIALIZED_AUTOS = YES_AGGRESSIVE;
				GCC_WARN_UNUSED_FUNCTION = YES;
				GCC_WARN_UNUSED_VARIABLE = YES;
				MACOSX_DEPLOYMENT_TARGET = 14.0;
				MTL_ENABLE_DEBUG_INFO = NO;
				MTL_FAST_MATH = YES;
				PRODUCT_NAME = "$(TARGET_NAME)";
				SDKROOT = macosx;
				SWIFT_COMPILATION_MODE = wholemodule;
				SWIFT_OPTIMIZATION_LEVEL = "-O";
				SWIFT_VERSION = 5.0;
			};
			name = Release;
		};
		2D065A279EC51EC92AD3D369 /* Debug */ = {
			isa = XCBuildConfiguration;
			buildSettings = {
				ASSETCATALOG_COMPILER_APPICON_NAME = AppIcon;
				CODE_SIGN_STYLE = Automatic;
				COMBINE_HIDPI_IMAGES = YES;
				GENERATE_INFOPLIST_FILE = NO;
				INFOPLIST_FILE = Info.plist;
				LD_RUNPATH_SEARCH_PATHS = (
					"$(inherited)",
					"@executable_path/../Frameworks",
				);
				PRODUCT_BUNDLE_IDENTIFIER = local.brisa.ambient;
				SDKROOT = macosx;
			};
			name = Debug;
		};
		E0575E5DA7FC5B5EDC4A6048 /* Debug */ = {
			isa = XCBuildConfiguration;
			buildSettings = {
				ALWAYS_SEARCH_USER_PATHS = NO;
				CLANG_ANALYZER_NONNULL = YES;
				CLANG_ANALYZER_NUMBER_OBJECT_CONVERSION = YES_AGGRESSIVE;
				CLANG_CXX_LANGUAGE_STANDARD = "gnu++14";
				CLANG_CXX_LIBRARY = "libc++";
				CLANG_ENABLE_MODULES = YES;
				CLANG_ENABLE_OBJC_ARC = YES;
				CLANG_ENABLE_OBJC_WEAK = YES;
				CLANG_WARN_BLOCK_CAPTURE_AUTORELEASING = YES;
				CLANG_WARN_BOOL_CONVERSION = YES;
				CLANG_WARN_COMMA = YES;
				CLANG_WARN_CONSTANT_CONVERSION = YES;
				CLANG_WARN_DEPRECATED_OBJC_IMPLEMENTATIONS = YES;
				CLANG_WARN_DIRECT_OBJC_ISA_USAGE = YES_ERROR;
				CLANG_WARN_DOCUMENTATION_COMMENTS = YES;
				CLANG_WARN_EMPTY_BODY = YES;
				CLANG_WARN_ENUM_CONVERSION = YES;
				CLANG_WARN_INFINITE_RECURSION = YES;
				CLANG_WARN_INT_CONVERSION = YES;
				CLANG_WARN_NON_LITERAL_NULL_CONVERSION = YES;
				CLANG_WARN_OBJC_IMPLICIT_RETAIN_SELF = YES;
				CLANG_WARN_OBJC_LITERAL_CONVERSION = YES;
				CLANG_WARN_OBJC_ROOT_CLASS = YES_ERROR;
				CLANG_WARN_QUOTED_INCLUDE_IN_FRAMEWORK_HEADER = YES;
				CLANG_WARN_RANGE_LOOP_ANALYSIS = YES;
				CLANG_WARN_STRICT_PROTOTYPES = YES;
				CLANG_WARN_SUSPICIOUS_MOVE = YES;
				CLANG_WARN_UNGUARDED_AVAILABILITY = YES_AGGRESSIVE;
				CLANG_WARN_UNREACHABLE_CODE = YES;
				CLANG_WARN__DUPLICATE_METHOD_MATCH = YES;
				COPY_PHASE_STRIP = NO;
				DEBUG_INFORMATION_FORMAT = dwarf;
				ENABLE_STRICT_OBJC_MSGSEND = YES;
				ENABLE_TESTABILITY = YES;
				GCC_C_LANGUAGE_STANDARD = gnu11;
				GCC_DYNAMIC_NO_PIC = NO;
				GCC_NO_COMMON_BLOCKS = YES;
				GCC_OPTIMIZATION_LEVEL = 0;
				GCC_PREPROCESSOR_DEFINITIONS = (
					"$(inherited)",
					"DEBUG=1",
				);
				GCC_WARN_64_TO_32_BIT_CONVERSION = YES;
				GCC_WARN_ABOUT_RETURN_TYPE = YES_ERROR;
				GCC_WARN_UNDECLARED_SELECTOR = YES;
				GCC_WARN_UNINITIALIZED_AUTOS = YES_AGGRESSIVE;
				GCC_WARN_UNUSED_FUNCTION = YES;
				GCC_WARN_UNUSED_VARIABLE = YES;
				MACOSX_DEPLOYMENT_TARGET = 14.0;
				MTL_ENABLE_DEBUG_INFO = INCLUDE_SOURCE;
				MTL_FAST_MATH = YES;
				ONLY_ACTIVE_ARCH = YES;
				PRODUCT_NAME = "$(TARGET_NAME)";
				SDKROOT = macosx;
				SWIFT_ACTIVE_COMPILATION_CONDITIONS = DEBUG;
				SWIFT_OPTIMIZATION_LEVEL = "-Onone";
				SWIFT_VERSION = 5.0;
			};
			name = Debug;
		};
		E62E6DBAB1D1989725ACEBDE /* Release */ = {
			isa = XCBuildConfiguration;
			buildSettings = {
				ASSETCATALOG_COMPILER_APPICON_NAME = AppIcon;
				CODE_SIGN_STYLE = Automatic;
				COMBINE_HIDPI_IMAGES = YES;
				GENERATE_INFOPLIST_FILE = NO;
				INFOPLIST_FILE = Info.plist;
				LD_RUNPATH_SEARCH_PATHS = (
					"$(inherited)",
					"@executable_path/../Frameworks",
				);
				PRODUCT_BUNDLE_IDENTIFIER = local.brisa.ambient;
				SDKROOT = macosx;
			};
			name = Release;
		};
/* End XCBuildConfiguration section */

/* Begin XCConfigurationList section */
		04B96B0F09869867B28BDFE2 /* Build configuration list for PBXNativeTarget "Brisa" */ = {
			isa = XCConfigurationList;
			buildConfigurations = (
				2D065A279EC51EC92AD3D369 /* Debug */,
				E62E6DBAB1D1989725ACEBDE /* Release */,
			);
			defaultConfigurationIsVisible = 0;
			defaultConfigurationName = Debug;
		};
		B7E6927FEBE4BAEC485A85B8 /* Build configuration list for PBXProject "Brisa" */ = {
			isa = XCConfigurationList;
			buildConfigurations = (
				E0575E5DA7FC5B5EDC4A6048 /* Debug */,
				113BDB4F1B9380E39D20DBF2 /* Release */,
			);
			defaultConfigurationIsVisible = 0;
			defaultConfigurationName = Debug;
		};
/* End XCConfigurationList section */
	};
	rootObject = 4A1984492DC2971FB43E60A9 /* Project object */;
}
